// !$*UTF8*$!
{
	archiveVersion = 1;
	classes = {
	};
	objectVersion = 50;
	objects = {

/* Begin PBXBuildFile section */
		522402F1221A4AA300B0EE3D /* AppDelegate.swift in Sources */ = {isa = PBXBuildFile; fileRef = 522402F0221A4AA300B0EE3D /* AppDelegate.swift */; };
		522402F3221A4AA300B0EE3D /* ViewController.swift in Sources */ = {isa = PBXBuildFile; fileRef = 522402F2221A4AA300B0EE3D /* ViewController.swift */; };
		522402F6221A4AA300B0EE3D /* Main.storyboard in Resources */ = {isa = PBXBuildFile; fileRef = 522402F4221A4AA300B0EE3D /* Main.storyboard */; };
		522402F8221A4AA600B0EE3D /* Assets.xcassets in Resources */ = {isa = PBXBuildFile; fileRef = 522402F7221A4AA600B0EE3D /* Assets.xcassets */; };
		522402FB221A4AA600B0EE3D /* LaunchScreen.storyboard in Resources */ = {isa = PBXBuildFile; fileRef = 522402F9221A4AA600B0EE3D /* LaunchScreen.storyboard */; };
		52240307221A4AC000B0EE3D /* BinarySearch.swift in Sources */ = {isa = PBXBuildFile; fileRef = 52240305221A4AC000B0EE3D /* BinarySearch.swift */; };
		52240308221A4AC000B0EE3D /* Sork.swift in Sources */ = {isa = PBXBuildFile; fileRef = 52240306221A4AC000B0EE3D /* Sork.swift */; };
		5224030B221A4C4C00B0EE3D /* LeetCode001.swift in Sources */ = {isa = PBXBuildFile; fileRef = 5224030A221A4C4C00B0EE3D /* LeetCode001.swift */; };
		5224033B221BE53A00B0EE3D /* LeetCode167.swift in Sources */ = {isa = PBXBuildFile; fileRef = 5224033A221BE53900B0EE3D /* LeetCode167.swift */; };
		5224033F221D132400B0EE3D /* LeetCode226.swift in Sources */ = {isa = PBXBuildFile; fileRef = 5224033E221D132200B0EE3D /* LeetCode226.swift */; };
		52240341221E68A400B0EE3D /* LeetCode002.swift in Sources */ = {isa = PBXBuildFile; fileRef = 52240340221E68A400B0EE3D /* LeetCode002.swift */; };
		522C55CB221FBFC2002A2E20 /* LeetCode003.swift in Sources */ = {isa = PBXBuildFile; fileRef = 522C55CA221FBFC2002A2E20 /* LeetCode003.swift */; };
		522C55DA2223A4FD002A2E20 /* LeetCode009.swift in Sources */ = {isa = PBXBuildFile; fileRef = 522C55D92223A4FD002A2E20 /* LeetCode009.swift */; };
		522C55DD2224F897002A2E20 /* LeetCode58.swift in Sources */ = {isa = PBXBuildFile; fileRef = 522C55DC2224F897002A2E20 /* LeetCode58.swift */; };
		B08D73CD222254CF003E1F2C /* LeetCode007.swift in Sources */ = {isa = PBXBuildFile; fileRef = B08D73CC222254CF003E1F2C /* LeetCode007.swift */; };
/* End PBXBuildFile section */

/* Begin PBXFileReference section */
		522402ED221A4AA300B0EE3D /* Algorithm.app */ = {isa = PBXFileReference; explicitFileType = wrapper.application; includeInIndex = 0; path = Algorithm.app; sourceTree = BUILT_PRODUCTS_DIR; };
		522402F0221A4AA300B0EE3D /* AppDelegate.swift */ = {isa = PBXFileReference; lastKnownFileType = sourcecode.swift; path = AppDelegate.swift; sourceTree = "<group>"; };
		522402F2221A4AA300B0EE3D /* ViewController.swift */ = {isa = PBXFileReference; lastKnownFileType = sourcecode.swift; path = ViewController.swift; sourceTree = "<group>"; };
		522402F5221A4AA300B0EE3D /* Base */ = {isa = PBXFileReference; lastKnownFileType = file.storyboard; name = Base; path = Base.lproj/Main.storyboard; sourceTree = "<group>"; };
		522402F7221A4AA600B0EE3D /* Assets.xcassets */ = {isa = PBXFileReference; lastKnownFileType = folder.assetcatalog; path = Assets.xcassets; sourceTree = "<group>"; };
		522402FA221A4AA600B0EE3D /* Base */ = {isa = PBXFileReference; lastKnownFileType = file.storyboard; name = Base; path = Base.lproj/LaunchScreen.storyboard; sourceTree = "<group>"; };
		522402FC221A4AA600B0EE3D /* Info.plist */ = {isa = PBXFileReference; lastKnownFileType = text.plist.xml; path = Info.plist; sourceTree = "<group>"; };
		52240305221A4AC000B0EE3D /* BinarySearch.swift */ = {isa = PBXFileReference; fileEncoding = 4; lastKnownFileType = sourcecode.swift; path = BinarySearch.swift; sourceTree = "<group>"; };
		52240306221A4AC000B0EE3D /* Sork.swift */ = {isa = PBXFileReference; fileEncoding = 4; lastKnownFileType = sourcecode.swift; path = Sork.swift; sourceTree = "<group>"; };
		5224030A221A4C4C00B0EE3D /* LeetCode001.swift */ = {isa = PBXFileReference; fileEncoding = 4; lastKnownFileType = sourcecode.swift; path = LeetCode001.swift; sourceTree = "<group>"; };
		5224033A221BE53900B0EE3D /* LeetCode167.swift */ = {isa = PBXFileReference; fileEncoding = 4; lastKnownFileType = sourcecode.swift; path = LeetCode167.swift; sourceTree = "<group>"; };
		5224033E221D132200B0EE3D /* LeetCode226.swift */ = {isa = PBXFileReference; fileEncoding = 4; lastKnownFileType = sourcecode.swift; path = LeetCode226.swift; sourceTree = "<group>"; };
		52240340221E68A400B0EE3D /* LeetCode002.swift */ = {isa = PBXFileReference; fileEncoding = 4; lastKnownFileType = sourcecode.swift; path = LeetCode002.swift; sourceTree = "<group>"; };
		522C55CA221FBFC2002A2E20 /* LeetCode003.swift */ = {isa = PBXFileReference; fileEncoding = 4; lastKnownFileType = sourcecode.swift; path = LeetCode003.swift; sourceTree = "<group>"; };
		522C55D92223A4FD002A2E20 /* LeetCode009.swift */ = {isa = PBXFileReference; fileEncoding = 4; lastKnownFileType = sourcecode.swift; path = LeetCode009.swift; sourceTree = "<group>"; };
		522C55DC2224F897002A2E20 /* LeetCode58.swift */ = {isa = PBXFileReference; fileEncoding = 4; lastKnownFileType = sourcecode.swift; path = LeetCode58.swift; sourceTree = "<group>"; };
		B08D73CC222254CF003E1F2C /* LeetCode007.swift */ = {isa = PBXFileReference; fileEncoding = 4; lastKnownFileType = sourcecode.swift; path = LeetCode007.swift; sourceTree = "<group>"; };
/* End PBXFileReference section */

/* Begin PBXFrameworksBuildPhase section */
		522402EA221A4AA300B0EE3D /* Frameworks */ = {
			isa = PBXFrameworksBuildPhase;
			buildActionMask = 2147483647;
			files = (
			);
			runOnlyForDeploymentPostprocessing = 0;
		};
/* End PBXFrameworksBuildPhase section */

/* Begin PBXGroup section */
		522402E4221A4AA300B0EE3D = {
			isa = PBXGroup;
			children = (
				522402EF221A4AA300B0EE3D /* Algorithm */,
				522402EE221A4AA300B0EE3D /* Products */,
			);
			sourceTree = "<group>";
		};
		522402EE221A4AA300B0EE3D /* Products */ = {
			isa = PBXGroup;
			children = (
				522402ED221A4AA300B0EE3D /* Algorithm.app */,
			);
			name = Products;
			sourceTree = "<group>";
		};
		522402EF221A4AA300B0EE3D /* Algorithm */ = {
			isa = PBXGroup;
			children = (
				522402F0221A4AA300B0EE3D /* AppDelegate.swift */,
				522402F2221A4AA300B0EE3D /* ViewController.swift */,
				52240309221A4C4C00B0EE3D /* LeetCode */,
				52240305221A4AC000B0EE3D /* BinarySearch.swift */,
				52240306221A4AC000B0EE3D /* Sork.swift */,
				522402F4221A4AA300B0EE3D /* Main.storyboard */,
				522402F7221A4AA600B0EE3D /* Assets.xcassets */,
				522402F9221A4AA600B0EE3D /* LaunchScreen.storyboard */,
				522402FC221A4AA600B0EE3D /* Info.plist */,
			);
			path = Algorithm;
			sourceTree = "<group>";
		};
		52240309221A4C4C00B0EE3D /* LeetCode */ = {
			isa = PBXGroup;
			children = (
				5224030A221A4C4C00B0EE3D /* LeetCode001.swift */,
				5224033A221BE53900B0EE3D /* LeetCode167.swift */,
				5224033E221D132200B0EE3D /* LeetCode226.swift */,
				52240340221E68A400B0EE3D /* LeetCode002.swift */,
				522C55CA221FBFC2002A2E20 /* LeetCode003.swift */,
				B08D73CC222254CF003E1F2C /* LeetCode007.swift */,
				522C55D92223A4FD002A2E20 /* LeetCode009.swift */,
				522C55DC2224F897002A2E20 /* LeetCode58.swift */,
			);
			path = LeetCode;
			sourceTree = "<group>";
		};
/* End PBXGroup section */

/* Begin PBXNativeTarget section */
		522402EC221A4AA300B0EE3D /* Algorithm */ = {
			isa = PBXNativeTarget;
			buildConfigurationList = 522402FF221A4AA600B0EE3D /* Build configuration list for PBXNativeTarget "Algorithm" */;
			buildPhases = (
				522402E9221A4AA300B0EE3D /* Sources */,
				522402EA221A4AA300B0EE3D /* Frameworks */,
				522402EB221A4AA300B0EE3D /* Resources */,
			);
			buildRules = (
			);
			dependencies = (
			);
			name = Algorithm;
			productName = Algorithm;
			productReference = 522402ED221A4AA300B0EE3D /* Algorithm.app */;
			productType = "com.apple.product-type.application";
		};
/* End PBXNativeTarget section */

/* Begin PBXProject section */
		522402E5221A4AA300B0EE3D /* Project object */ = {
			isa = PBXProject;
			attributes = {
				LastSwiftUpdateCheck = 1010;
				LastUpgradeCheck = 1010;
				ORGANIZATIONNAME = "Steven Xie";
				TargetAttributes = {
					522402EC221A4AA300B0EE3D = {
						CreatedOnToolsVersion = 10.1;
					};
				};
			};
			buildConfigurationList = 522402E8221A4AA300B0EE3D /* Build configuration list for PBXProject "Algorithm" */;
			compatibilityVersion = "Xcode 9.3";
			developmentRegion = en;
			hasScannedForEncodings = 0;
			knownRegions = (
				en,
				Base,
			);
			mainGroup = 522402E4221A4AA300B0EE3D;
			productRefGroup = 522402EE221A4AA300B0EE3D /* Products */;
			projectDirPath = "";
			projectRoot = "";
			targets = (
				522402EC221A4AA300B0EE3D /* Algorithm */,
			);
		};
/* End PBXProject section */

/* Begin PBXResourcesBuildPhase section */
		522402EB221A4AA300B0EE3D /* Resources */ = {
			isa = PBXResourcesBuildPhase;
			buildActionMask = 2147483647;
			files = (
				522402FB221A4AA600B0EE3D /* LaunchScreen.storyboard in Resources */,
				522402F8221A4AA600B0EE3D /* Assets.xcassets in Resources */,
				522402F6221A4AA300B0EE3D /* Main.storyboard in Resources */,
			);
			runOnlyForDeploymentPostprocessing = 0;
		};
/* End PBXResourcesBuildPhase section */

/* Begin PBXSourcesBuildPhase section */
		522402E9221A4AA300B0EE3D /* Sources */ = {
			isa = PBXSourcesBuildPhase;
			buildActionMask = 2147483647;
			files = (
				52240307221A4AC000B0EE3D /* BinarySearch.swift in Sources */,
				522C55DA2223A4FD002A2E20 /* LeetCode009.swift in Sources */,
				522402F3221A4AA300B0EE3D /* ViewController.swift in Sources */,
				52240308221A4AC000B0EE3D /* Sork.swift in Sources */,
				52240341221E68A400B0EE3D /* LeetCode002.swift in Sources */,
				B08D73CD222254CF003E1F2C /* LeetCode007.swift in Sources */,
				522C55CB221FBFC2002A2E20 /* LeetCode003.swift in Sources */,
				522402F1221A4AA300B0EE3D /* AppDelegate.swift in Sources */,
				5224030B221A4C4C00B0EE3D /* LeetCode001.swift in Sources */,
				5224033B221BE53A00B0EE3D /* LeetCode167.swift in Sources */,
				5224033F221D132400B0EE3D /* LeetCode226.swift in Sources */,
				522C55DD2224F897002A2E20 /* LeetCode58.swift in Sources */,
			);
			runOnlyForDeploymentPostprocessing = 0;
		};
/* End PBXSourcesBuildPhase section */

/* Begin PBXVariantGroup section */
		522402F4221A4AA300B0EE3D /* Main.storyboard */ = {
			isa = PBXVariantGroup;
			children = (
				522402F5221A4AA300B0EE3D /* Base */,
			);
			name = Main.storyboard;
			sourceTree = "<group>";
		};
		522402F9221A4AA600B0EE3D /* LaunchScreen.storyboard */ = {
			isa = PBXVariantGroup;
			children = (
				522402FA221A4AA600B0EE3D /* Base */,
			);
			name = LaunchScreen.storyboard;
			sourceTree = "<group>";
		};
/* End PBXVariantGroup section */

/* Begin XCBuildConfiguration section */
		522402FD221A4AA600B0EE3D /* Debug */ = {
			isa = XCBuildConfiguration;
			buildSettings = {
				ALWAYS_SEARCH_USER_PATHS = NO;
				CLANG_ANALYZER_NONNULL = YES;
				CLANG_ANALYZER_NUMBER_OBJECT_CONVERSION = YES_AGGRESSIVE;
				CLANG_CXX_LANGUAGE_STANDARD = "gnu++14";
				CLANG_CXX_LIBRARY = "libc++";
				CLANG_ENABLE_MODULES = YES;
				CLANG_ENABLE_OBJC_ARC = YES;
				CLANG_ENABLE_OBJC_WEAK = YES;
				CLANG_WARN_BLOCK_CAPTURE_AUTORELEASING = YES;
				CLANG_WARN_BOOL_CONVERSION = YES;
				CLANG_WARN_COMMA = YES;
				CLANG_WARN_CONSTANT_CONVERSION = YES;
				CLANG_WARN_DEPRECATED_OBJC_IMPLEMENTATIONS = YES;
				CLANG_WARN_DIRECT_OBJC_ISA_USAGE = YES_ERROR;
				CLANG_WARN_DOCUMENTATION_COMMENTS = YES;
				CLANG_WARN_EMPTY_BODY = YES;
				CLANG_WARN_ENUM_CONVERSION = YES;
				CLANG_WARN_INFINITE_RECURSION = YES;
				CLANG_WARN_INT_CONVERSION = YES;
				CLANG_WARN_NON_LITERAL_NULL_CONVERSION = YES;
				CLANG_WARN_OBJC_IMPLICIT_RETAIN_SELF = YES;
				CLANG_WARN_OBJC_LITERAL_CONVERSION = YES;
				CLANG_WARN_OBJC_ROOT_CLASS = YES_ERROR;
				CLANG_WARN_RANGE_LOOP_ANALYSIS = YES;
				CLANG_WARN_STRICT_PROTOTYPES = YES;
				CLANG_WARN_SUSPICIOUS_MOVE = YES;
				CLANG_WARN_UNGUARDED_AVAILABILITY = YES_AGGRESSIVE;
				CLANG_WARN_UNREACHABLE_CODE = YES;
				CLANG_WARN__DUPLICATE_METHOD_MATCH = YES;
				CODE_SIGN_IDENTITY = "iPhone Developer";
				COPY_PHASE_STRIP = NO;
				DEBUG_INFORMATION_FORMAT = dwarf;
				ENABLE_STRICT_OBJC_MSGSEND = YES;
				ENABLE_TESTABILITY = YES;
				GCC_C_LANGUAGE_STANDARD = gnu11;
				GCC_DYNAMIC_NO_PIC = NO;
				GCC_NO_COMMON_BLOCKS = YES;
				GCC_OPTIMIZATION_LEVEL = 0;
				GCC_PREPROCESSOR_DEFINITIONS = (
					"DEBUG=1",
					"$(inherited)",
				);
				GCC_WARN_64_TO_32_BIT_CONVERSION = YES;
				GCC_WARN_ABOUT_RETURN_TYPE = YES_ERROR;
				GCC_WARN_UNDECLARED_SELECTOR = YES;
				GCC_WARN_UNINITIALIZED_AUTOS = YES_AGGRESSIVE;
				GCC_WARN_UNUSED_FUNCTION = YES;
				GCC_WARN_UNUSED_VARIABLE = YES;
				IPHONEOS_DEPLOYMENT_TARGET = 12.1;
				MTL_ENABLE_DEBUG_INFO = INCLUDE_SOURCE;
				MTL_FAST_MATH = YES;
				ONLY_ACTIVE_ARCH = YES;
				SDKROOT = iphoneos;
				SWIFT_ACTIVE_COMPILATION_CONDITIONS = DEBUG;
				SWIFT_OPTIMIZATION_LEVEL = "-Onone";
			};
			name = Debug;
		};
		522402FE221A4AA600B0EE3D /* Release */ = {
			isa = XCBuildConfiguration;
			buildSettings = {
				ALWAYS_SEARCH_USER_PATHS = NO;
				CLANG_ANALYZER_NONNULL = YES;
				CLANG_ANALYZER_NUMBER_OBJECT_CONVERSION = YES_AGGRESSIVE;
				CLANG_CXX_LANGUAGE_STANDARD = "gnu++14";
				CLANG_CXX_LIBRARY = "libc++";
				CLANG_ENABLE_MODULES = YES;
				CLANG_ENABLE_OBJC_ARC = YES;
				CLANG_ENABLE_OBJC_WEAK = YES;
				CLANG_WARN_BLOCK_CAPTURE_AUTORELEASING = YES;
				CLANG_WARN_BOOL_CONVERSION = YES;
				CLANG_WARN_COMMA = YES;
				CLANG_WARN_CONSTANT_CONVERSION = YES;
				CLANG_WARN_DEPRECATED_OBJC_IMPLEMENTATIONS = YES;
				CLANG_WARN_DIRECT_OBJC_ISA_USAGE = YES_ERROR;
				CLANG_WARN_DOCUMENTATION_COMMENTS = YES;
				CLANG_WARN_EMPTY_BODY = YES;
				CLANG_WARN_ENUM_CONVERSION = YES;
				CLANG_WARN_INFINITE_RECURSION = YES;
				CLANG_WARN_INT_CONVERSION = YES;
				CLANG_WARN_NON_LITERAL_NULL_CONVERSION = YES;
				CLANG_WARN_OBJC_IMPLICIT_RETAIN_SELF = YES;
				CLANG_WARN_OBJC_LITERAL_CONVERSION = YES;
				CLANG_WARN_OBJC_ROOT_CLASS = YES_ERROR;
				CLANG_WARN_RANGE_LOOP_ANALYSIS = YES;
				CLANG_WARN_STRICT_PROTOTYPES = YES;
				CLANG_WARN_SUSPICIOUS_MOVE = YES;
				CLANG_WARN_UNGUARDED_AVAILABILITY = YES_AGGRESSIVE;
				CLANG_WARN_UNREACHABLE_CODE = YES;
				CLANG_WARN__DUPLICATE_METHOD_MATCH = YES;
				CODE_SIGN_IDENTITY = "iPhone Developer";
				COPY_PHASE_STRIP = NO;
				DEBUG_INFORMATION_FORMAT = "dwarf-with-dsym";
				ENABLE_NS_ASSERTIONS = NO;
				ENABLE_STRICT_OBJC_MSGSEND = YES;
				GCC_C_LANGUAGE_STANDARD = gnu11;
				GCC_NO_COMMON_BLOCKS = YES;
				GCC_WARN_64_TO_32_BIT_CONVERSION = YES;
				GCC_WARN_ABOUT_RETURN_TYPE = YES_ERROR;
				GCC_WARN_UNDECLARED_SELECTOR = YES;
				GCC_WARN_UNINITIALIZED_AUTOS = YES_AGGRESSIVE;
				GCC_WARN_UNUSED_FUNCTION = YES;
				GCC_WARN_UNUSED_VARIABLE = YES;
				IPHONEOS_DEPLOYMENT_TARGET = 12.1;
				MTL_ENABLE_DEBUG_INFO = NO;
				MTL_FAST_MATH = YES;
				SDKROOT = iphoneos;
				SWIFT_COMPILATION_MODE = wholemodule;
				SWIFT_OPTIMIZATION_LEVEL = "-O";
				VALIDATE_PRODUCT = YES;
			};
			name = Release;
		};
		52240300221A4AA600B0EE3D /* Debug */ = {
			isa = XCBuildConfiguration;
			buildSettings = {
				ASSETCATALOG_COMPILER_APPICON_NAME = AppIcon;
				CODE_SIGN_STYLE = Automatic;
				DEVELOPMENT_TEAM = MQ4BAK6QRP;
				INFOPLIST_FILE = Algorithm/Info.plist;
				LD_RUNPATH_SEARCH_PATHS = (
					"$(inherited)",
					"@executable_path/Frameworks",
				);
				PRODUCT_BUNDLE_IDENTIFIER = R.S.Algorithm;
				PRODUCT_NAME = "$(TARGET_NAME)";
				SWIFT_VERSION = 4.2;
				TARGETED_DEVICE_FAMILY = "1,2";
			};
			name = Debug;
		};
		52240301221A4AA600B0EE3D /* Release */ = {
			isa = XCBuildConfiguration;
			buildSettings = {
				ASSETCATALOG_COMPILER_APPICON_NAME = AppIcon;
				CODE_SIGN_STYLE = Automatic;
				DEVELOPMENT_TEAM = MQ4BAK6QRP;
				INFOPLIST_FILE = Algorithm/Info.plist;
				LD_RUNPATH_SEARCH_PATHS = (
					"$(inherited)",
					"@executable_path/Frameworks",
				);
				PRODUCT_BUNDLE_IDENTIFIER = R.S.Algorithm;
				PRODUCT_NAME = "$(TARGET_NAME)";
				SWIFT_VERSION = 4.2;
				TARGETED_DEVICE_FAMILY = "1,2";
			};
			name = Release;
		};
/* End XCBuildConfiguration section */

/* Begin XCConfigurationList section */
		522402E8221A4AA300B0EE3D /* Build configuration list for PBXProject "Algorithm" */ = {
			isa = XCConfigurationList;
			buildConfigurations = (
				522402FD221A4AA600B0EE3D /* Debug */,
				522402FE221A4AA600B0EE3D /* Release */,
			);
			defaultConfigurationIsVisible = 0;
			defaultConfigurationName = Release;
		};
		522402FF221A4AA600B0EE3D /* Build configuration list for PBXNativeTarget "Algorithm" */ = {
			isa = XCConfigurationList;
			buildConfigurations = (
				52240300221A4AA600B0EE3D /* Debug */,
				52240301221A4AA600B0EE3D /* Release */,
			);
			defaultConfigurationIsVisible = 0;
			defaultConfigurationName = Release;
		};
/* End XCConfigurationList section */
	};
	rootObject = 522402E5221A4AA300B0EE3D /* Project object */;
}
